// !$*UTF8*$!
{
	archiveVersion = 1;
	classes = {
	};
	objectVersion = 50;
	objects = {

/* Begin PBXBuildFile section */
		E479C64B22B986770045211B /* CombineUtilities.framework in Frameworks */ = {isa = PBXBuildFile; fileRef = E479C64122B986770045211B /* CombineUtilities.framework */; };
		E479C65022B986770045211B /* CombineUtilitiesTests.swift in Sources */ = {isa = PBXBuildFile; fileRef = E479C64F22B986770045211B /* CombineUtilitiesTests.swift */; };
		E479C65222B986770045211B /* CombineUtilities.h in Headers */ = {isa = PBXBuildFile; fileRef = E479C64422B986770045211B /* CombineUtilities.h */; settings = {ATTRIBUTES = (Public, ); }; };
		E479C65F22B986B70045211B /* Subscriptions+.swift in Sources */ = {isa = PBXBuildFile; fileRef = E479C65E22B986B70045211B /* Subscriptions+.swift */; };
		E479C66122B986CF0045211B /* UIControl+.swift in Sources */ = {isa = PBXBuildFile; fileRef = E479C66022B986CF0045211B /* UIControl+.swift */; };
		E479C66322B986F80045211B /* Cancellable+.swift in Sources */ = {isa = PBXBuildFile; fileRef = E479C66222B986F80045211B /* Cancellable+.swift */; };
		E479C66B22B9879B0045211B /* AppDelegate.swift in Sources */ = {isa = PBXBuildFile; fileRef = E479C66A22B9879B0045211B /* AppDelegate.swift */; };
		E479C66D22B9879B0045211B /* SceneDelegate.swift in Sources */ = {isa = PBXBuildFile; fileRef = E479C66C22B9879B0045211B /* SceneDelegate.swift */; };
		E479C66F22B9879B0045211B /* ViewController.swift in Sources */ = {isa = PBXBuildFile; fileRef = E479C66E22B9879B0045211B /* ViewController.swift */; };
		E479C67222B9879B0045211B /* Main.storyboard in Resources */ = {isa = PBXBuildFile; fileRef = E479C67022B9879B0045211B /* Main.storyboard */; };
		E479C67422B9879F0045211B /* Assets.xcassets in Resources */ = {isa = PBXBuildFile; fileRef = E479C67322B9879F0045211B /* Assets.xcassets */; };
		E479C67722B9879F0045211B /* LaunchScreen.storyboard in Resources */ = {isa = PBXBuildFile; fileRef = E479C67522B9879F0045211B /* LaunchScreen.storyboard */; };
		E479C67D22B98C790045211B /* CombineUtilities.framework in Frameworks */ = {isa = PBXBuildFile; fileRef = E479C64122B986770045211B /* CombineUtilities.framework */; };
		E479C67E22B98C790045211B /* CombineUtilities.framework in Embed Frameworks */ = {isa = PBXBuildFile; fileRef = E479C64122B986770045211B /* CombineUtilities.framework */; settings = {ATTRIBUTES = (CodeSignOnCopy, RemoveHeadersOnCopy, ); }; };
		E479C68322B98D730045211B /* Task.swift in Sources */ = {isa = PBXBuildFile; fileRef = E479C68222B98D730045211B /* Task.swift */; };
/* End PBXBuildFile section */

/* Begin PBXContainerItemProxy section */
		E479C64C22B986770045211B /* PBXContainerItemProxy */ = {
			isa = PBXContainerItemProxy;
			containerPortal = E479C63822B986770045211B /* Project object */;
			proxyType = 1;
			remoteGlobalIDString = E479C64022B986770045211B;
			remoteInfo = CombineUtilities;
		};
		E479C67F22B98C790045211B /* PBXContainerItemProxy */ = {
			isa = PBXContainerItemProxy;
			containerPortal = E479C63822B986770045211B /* Project object */;
			proxyType = 1;
			remoteGlobalIDString = E479C64022B986770045211B;
			remoteInfo = CombineUtilities;
		};
/* End PBXContainerItemProxy section */

/* Begin PBXCopyFilesBuildPhase section */
		E479C68122B98C790045211B /* Embed Frameworks */ = {
			isa = PBXCopyFilesBuildPhase;
			buildActionMask = 2147483647;
			dstPath = "";
			dstSubfolderSpec = 10;
			files = (
				E479C67E22B98C790045211B /* CombineUtilities.framework in Embed Frameworks */,
			);
			name = "Embed Frameworks";
			runOnlyForDeploymentPostprocessing = 0;
		};
/* End PBXCopyFilesBuildPhase section */

/* Begin PBXFileReference section */
		E479C64122B986770045211B /* CombineUtilities.framework */ = {isa = PBXFileReference; explicitFileType = wrapper.framework; includeInIndex = 0; path = CombineUtilities.framework; sourceTree = BUILT_PRODUCTS_DIR; };
		E479C64422B986770045211B /* CombineUtilities.h */ = {isa = PBXFileReference; lastKnownFileType = sourcecode.c.h; path = CombineUtilities.h; sourceTree = "<group>"; };
		E479C64522B986770045211B /* Info.plist */ = {isa = PBXFileReference; lastKnownFileType = text.plist.xml; path = Info.plist; sourceTree = "<group>"; };
		E479C64A22B986770045211B /* CombineUtilitiesTests.xctest */ = {isa = PBXFileReference; explicitFileType = wrapper.cfbundle; includeInIndex = 0; path = CombineUtilitiesTests.xctest; sourceTree = BUILT_PRODUCTS_DIR; };
		E479C64F22B986770045211B /* CombineUtilitiesTests.swift */ = {isa = PBXFileReference; lastKnownFileType = sourcecode.swift; path = CombineUtilitiesTests.swift; sourceTree = "<group>"; };
		E479C65122B986770045211B /* Info.plist */ = {isa = PBXFileReference; lastKnownFileType = text.plist.xml; path = Info.plist; sourceTree = "<group>"; };
		E479C65E22B986B70045211B /* Subscriptions+.swift */ = {isa = PBXFileReference; lastKnownFileType = sourcecode.swift; path = "Subscriptions+.swift"; sourceTree = "<group>"; };
		E479C66022B986CF0045211B /* UIControl+.swift */ = {isa = PBXFileReference; lastKnownFileType = sourcecode.swift; path = "UIControl+.swift"; sourceTree = "<group>"; };
		E479C66222B986F80045211B /* Cancellable+.swift */ = {isa = PBXFileReference; lastKnownFileType = sourcecode.swift; path = "Cancellable+.swift"; sourceTree = "<group>"; };
		E479C66822B9879B0045211B /* CombineUtilitiesExample.app */ = {isa = PBXFileReference; explicitFileType = wrapper.application; includeInIndex = 0; path = CombineUtilitiesExample.app; sourceTree = BUILT_PRODUCTS_DIR; };
		E479C66A22B9879B0045211B /* AppDelegate.swift */ = {isa = PBXFileReference; lastKnownFileType = sourcecode.swift; path = AppDelegate.swift; sourceTree = "<group>"; };
		E479C66C22B9879B0045211B /* SceneDelegate.swift */ = {isa = PBXFileReference; lastKnownFileType = sourcecode.swift; path = SceneDelegate.swift; sourceTree = "<group>"; };
		E479C66E22B9879B0045211B /* ViewController.swift */ = {isa = PBXFileReference; lastKnownFileType = sourcecode.swift; path = ViewController.swift; sourceTree = "<group>"; };
		E479C67122B9879B0045211B /* Base */ = {isa = PBXFileReference; lastKnownFileType = file.storyboard; name = Base; path = Base.lproj/Main.storyboard; sourceTree = "<group>"; };
		E479C67322B9879F0045211B /* Assets.xcassets */ = {isa = PBXFileReference; lastKnownFileType = folder.assetcatalog; path = Assets.xcassets; sourceTree = "<group>"; };
		E479C67622B9879F0045211B /* Base */ = {isa = PBXFileReference; lastKnownFileType = file.storyboard; name = Base; path = Base.lproj/LaunchScreen.storyboard; sourceTree = "<group>"; };
		E479C67822B9879F0045211B /* Info.plist */ = {isa = PBXFileReference; lastKnownFileType = text.plist.xml; path = Info.plist; sourceTree = "<group>"; };
		E479C68222B98D730045211B /* Task.swift */ = {isa = PBXFileReference; lastKnownFileType = sourcecode.swift; path = Task.swift; sourceTree = "<group>"; };
/* End PBXFileReference section */

/* Begin PBXFrameworksBuildPhase section */
		E479C63E22B986770045211B /* Frameworks */ = {
			isa = PBXFrameworksBuildPhase;
			buildActionMask = 2147483647;
			files = (
			);
			runOnlyForDeploymentPostprocessing = 0;
		};
		E479C64722B986770045211B /* Frameworks */ = {
			isa = PBXFrameworksBuildPhase;
			buildActionMask = 2147483647;
			files = (
				E479C64B22B986770045211B /* CombineUtilities.framework in Frameworks */,
			);
			runOnlyForDeploymentPostprocessing = 0;
		};
		E479C66522B9879B0045211B /* Frameworks */ = {
			isa = PBXFrameworksBuildPhase;
			buildActionMask = 2147483647;
			files = (
				E479C67D22B98C790045211B /* CombineUtilities.framework in Frameworks */,
			);
			runOnlyForDeploymentPostprocessing = 0;
		};
/* End PBXFrameworksBuildPhase section */

/* Begin PBXGroup section */
		E479C63722B986770045211B = {
			isa = PBXGroup;
			children = (
				E479C64322B986770045211B /* CombineUtilities */,
				E479C64E22B986770045211B /* CombineUtilitiesTests */,
				E479C66922B9879B0045211B /* CombineUtilitiesExample */,
				E479C64222B986770045211B /* Products */,
				E479C67C22B98C790045211B /* Frameworks */,
			);
			sourceTree = "<group>";
		};
		E479C64222B986770045211B /* Products */ = {
			isa = PBXGroup;
			children = (
				E479C64122B986770045211B /* CombineUtilities.framework */,
				E479C64A22B986770045211B /* CombineUtilitiesTests.xctest */,
				E479C66822B9879B0045211B /* CombineUtilitiesExample.app */,
			);
			name = Products;
			sourceTree = "<group>";
		};
		E479C64322B986770045211B /* CombineUtilities */ = {
			isa = PBXGroup;
			children = (
				E479C65B22B986850045211B /* Classes */,
				E479C64422B986770045211B /* CombineUtilities.h */,
				E479C64522B986770045211B /* Info.plist */,
			);
			path = CombineUtilities;
			sourceTree = "<group>";
		};
		E479C64E22B986770045211B /* CombineUtilitiesTests */ = {
			isa = PBXGroup;
			children = (
				E479C64F22B986770045211B /* CombineUtilitiesTests.swift */,
				E479C65122B986770045211B /* Info.plist */,
			);
			path = CombineUtilitiesTests;
			sourceTree = "<group>";
		};
		E479C65B22B986850045211B /* Classes */ = {
			isa = PBXGroup;
			children = (
				E479C66222B986F80045211B /* Cancellable+.swift */,
				E479C65E22B986B70045211B /* Subscriptions+.swift */,
				E479C66022B986CF0045211B /* UIControl+.swift */,
			);
			path = Classes;
			sourceTree = "<group>";
		};
		E479C66922B9879B0045211B /* CombineUtilitiesExample */ = {
			isa = PBXGroup;
			children = (
				E479C66A22B9879B0045211B /* AppDelegate.swift */,
				E479C66C22B9879B0045211B /* SceneDelegate.swift */,
				E479C66E22B9879B0045211B /* ViewController.swift */,
				E479C68222B98D730045211B /* Task.swift */,
				E479C67022B9879B0045211B /* Main.storyboard */,
				E479C67322B9879F0045211B /* Assets.xcassets */,
				E479C67522B9879F0045211B /* LaunchScreen.storyboard */,
				E479C67822B9879F0045211B /* Info.plist */,
			);
			path = CombineUtilitiesExample;
			sourceTree = "<group>";
		};
		E479C67C22B98C790045211B /* Frameworks */ = {
			isa = PBXGroup;
			children = (
			);
			name = Frameworks;
			sourceTree = "<group>";
		};
/* End PBXGroup section */

/* Begin PBXHeadersBuildPhase section */
		E479C63C22B986770045211B /* Headers */ = {
			isa = PBXHeadersBuildPhase;
			buildActionMask = 2147483647;
			files = (
				E479C65222B986770045211B /* CombineUtilities.h in Headers */,
			);
			runOnlyForDeploymentPostprocessing = 0;
		};
/* End PBXHeadersBuildPhase section */

/* Begin PBXNativeTarget section */
		E479C64022B986770045211B /* CombineUtilities */ = {
			isa = PBXNativeTarget;
			buildConfigurationList = E479C65522B986770045211B /* Build configuration list for PBXNativeTarget "CombineUtilities" */;
			buildPhases = (
				E479C63C22B986770045211B /* Headers */,
				E479C63D22B986770045211B /* Sources */,
				E479C63E22B986770045211B /* Frameworks */,
				E479C63F22B986770045211B /* Resources */,
			);
			buildRules = (
			);
			dependencies = (
			);
			name = CombineUtilities;
			productName = CombineUtilities;
			productReference = E479C64122B986770045211B /* CombineUtilities.framework */;
			productType = "com.apple.product-type.framework";
		};
		E479C64922B986770045211B /* CombineUtilitiesTests */ = {
			isa = PBXNativeTarget;
			buildConfigurationList = E479C65822B986770045211B /* Build configuration list for PBXNativeTarget "CombineUtilitiesTests" */;
			buildPhases = (
				E479C64622B986770045211B /* Sources */,
				E479C64722B986770045211B /* Frameworks */,
				E479C64822B986770045211B /* Resources */,
			);
			buildRules = (
			);
			dependencies = (
				E479C64D22B986770045211B /* PBXTargetDependency */,
			);
			name = CombineUtilitiesTests;
			productName = CombineUtilitiesTests;
			productReference = E479C64A22B986770045211B /* CombineUtilitiesTests.xctest */;
			productType = "com.apple.product-type.bundle.unit-test";
		};
		E479C66722B9879B0045211B /* CombineUtilitiesExample */ = {
			isa = PBXNativeTarget;
			buildConfigurationList = E479C67922B9879F0045211B /* Build configuration list for PBXNativeTarget "CombineUtilitiesExample" */;
			buildPhases = (
				E479C66422B9879B0045211B /* Sources */,
				E479C66522B9879B0045211B /* Frameworks */,
				E479C66622B9879B0045211B /* Resources */,
				E479C68122B98C790045211B /* Embed Frameworks */,
			);
			buildRules = (
			);
			dependencies = (
				E479C68022B98C790045211B /* PBXTargetDependency */,
			);
			name = CombineUtilitiesExample;
			productName = CombineUtilitiesExample;
			productReference = E479C66822B9879B0045211B /* CombineUtilitiesExample.app */;
			productType = "com.apple.product-type.application";
		};
/* End PBXNativeTarget section */

/* Begin PBXProject section */
		E479C63822B986770045211B /* Project object */ = {
			isa = PBXProject;
			attributes = {
				LastSwiftUpdateCheck = 1100;
				LastUpgradeCheck = 1100;
				ORGANIZATIONNAME = "Gabriele Trabucco";
				TargetAttributes = {
					E479C64022B986770045211B = {
						CreatedOnToolsVersion = 11.0;
						LastSwiftMigration = 1100;
					};
					E479C64922B986770045211B = {
						CreatedOnToolsVersion = 11.0;
					};
					E479C66722B9879B0045211B = {
						CreatedOnToolsVersion = 11.0;
					};
				};
			};
			buildConfigurationList = E479C63B22B986770045211B /* Build configuration list for PBXProject "CombineUtilities" */;
			compatibilityVersion = "Xcode 9.3";
			developmentRegion = en;
			hasScannedForEncodings = 0;
			knownRegions = (
				en,
				Base,
			);
			mainGroup = E479C63722B986770045211B;
			productRefGroup = E479C64222B986770045211B /* Products */;
			projectDirPath = "";
			projectRoot = "";
			targets = (
				E479C64022B986770045211B /* CombineUtilities */,
				E479C64922B986770045211B /* CombineUtilitiesTests */,
				E479C66722B9879B0045211B /* CombineUtilitiesExample */,
			);
		};
/* End PBXProject section */

/* Begin PBXResourcesBuildPhase section */
		E479C63F22B986770045211B /* Resources */ = {
			isa = PBXResourcesBuildPhase;
			buildActionMask = 2147483647;
			files = (
			);
			runOnlyForDeploymentPostprocessing = 0;
		};
		E479C64822B986770045211B /* Resources */ = {
			isa = PBXResourcesBuildPhase;
			buildActionMask = 2147483647;
			files = (
			);
			runOnlyForDeploymentPostprocessing = 0;
		};
		E479C66622B9879B0045211B /* Resources */ = {
			isa = PBXResourcesBuildPhase;
			buildActionMask = 2147483647;
			files = (
				E479C67722B9879F0045211B /* LaunchScreen.storyboard in Resources */,
				E479C67422B9879F0045211B /* Assets.xcassets in Resources */,
				E479C67222B9879B0045211B /* Main.storyboard in Resources */,
			);
			runOnlyForDeploymentPostprocessing = 0;
		};
/* End PBXResourcesBuildPhase section */

/* Begin PBXSourcesBuildPhase section */
		E479C63D22B986770045211B /* Sources */ = {
			isa = PBXSourcesBuildPhase;
			buildActionMask = 2147483647;
			files = (
				E479C66122B986CF0045211B /* UIControl+.swift in Sources */,
				E479C65F22B986B70045211B /* Subscriptions+.swift in Sources */,
				E479C66322B986F80045211B /* Cancellable+.swift in Sources */,
			);
			runOnlyForDeploymentPostprocessing = 0;
		};
		E479C64622B986770045211B /* Sources */ = {
			isa = PBXSourcesBuildPhase;
			buildActionMask = 2147483647;
			files = (
				E479C65022B986770045211B /* CombineUtilitiesTests.swift in Sources */,
			);
			runOnlyForDeploymentPostprocessing = 0;
		};
		E479C66422B9879B0045211B /* Sources */ = {
			isa = PBXSourcesBuildPhase;
			buildActionMask = 2147483647;
			files = (
				E479C68322B98D730045211B /* Task.swift in Sources */,
				E479C66F22B9879B0045211B /* ViewController.swift in Sources */,
				E479C66B22B9879B0045211B /* AppDelegate.swift in Sources */,
				E479C66D22B9879B0045211B /* SceneDelegate.swift in Sources */,
			);
			runOnlyForDeploymentPostprocessing = 0;
		};
/* End PBXSourcesBuildPhase section */

/* Begin PBXTargetDependency section */
		E479C64D22B986770045211B /* PBXTargetDependency */ = {
			isa = PBXTargetDependency;
			target = E479C64022B986770045211B /* CombineUtilities */;
			targetProxy = E479C64C22B986770045211B /* PBXContainerItemProxy */;
		};
		E479C68022B98C790045211B /* PBXTargetDependency */ = {
			isa = PBXTargetDependency;
			target = E479C64022B986770045211B /* CombineUtilities */;
			targetProxy = E479C67F22B98C790045211B /* PBXContainerItemProxy */;
		};
/* End PBXTargetDependency section */

/* Begin PBXVariantGroup section */
		E479C67022B9879B0045211B /* Main.storyboard */ = {
			isa = PBXVariantGroup;
			children = (
				E479C67122B9879B0045211B /* Base */,
			);
			name = Main.storyboard;
			sourceTree = "<group>";
		};
		E479C67522B9879F0045211B /* LaunchScreen.storyboard */ = {
			isa = PBXVariantGroup;
			children = (
				E479C67622B9879F0045211B /* Base */,
			);
			name = LaunchScreen.storyboard;
			sourceTree = "<group>";
		};
/* End PBXVariantGroup section */

/* Begin XCBuildConfiguration section */
		E479C65322B986770045211B /* Debug */ = {
			isa = XCBuildConfiguration;
			buildSettings = {
				ALWAYS_SEARCH_USER_PATHS = NO;
				CLANG_ANALYZER_NONNULL = YES;
				CLANG_ANALYZER_NUMBER_OBJECT_CONVERSION = YES_AGGRESSIVE;
				CLANG_CXX_LANGUAGE_STANDARD = "gnu++14";
				CLANG_CXX_LIBRARY = "libc++";
				CLANG_ENABLE_MODULES = YES;
				CLANG_ENABLE_OBJC_ARC = YES;
				CLANG_ENABLE_OBJC_WEAK = YES;
				CLANG_WARN_BLOCK_CAPTURE_AUTORELEASING = YES;
				CLANG_WARN_BOOL_CONVERSION = YES;
				CLANG_WARN_COMMA = YES;
				CLANG_WARN_CONSTANT_CONVERSION = YES;
				CLANG_WARN_DEPRECATED_OBJC_IMPLEMENTATIONS = YES;
				CLANG_WARN_DIRECT_OBJC_ISA_USAGE = YES_ERROR;
				CLANG_WARN_DOCUMENTATION_COMMENTS = YES;
				CLANG_WARN_EMPTY_BODY = YES;
				CLANG_WARN_ENUM_CONVERSION = YES;
				CLANG_WARN_INFINITE_RECURSION = YES;
				CLANG_WARN_INT_CONVERSION = YES;
				CLANG_WARN_NON_LITERAL_NULL_CONVERSION = YES;
				CLANG_WARN_OBJC_IMPLICIT_RETAIN_SELF = YES;
				CLANG_WARN_OBJC_LITERAL_CONVERSION = YES;
				CLANG_WARN_OBJC_ROOT_CLASS = YES_ERROR;
				CLANG_WARN_RANGE_LOOP_ANALYSIS = YES;
				CLANG_WARN_STRICT_PROTOTYPES = YES;
				CLANG_WARN_SUSPICIOUS_MOVE = YES;
				CLANG_WARN_UNGUARDED_AVAILABILITY = YES_AGGRESSIVE;
				CLANG_WARN_UNREACHABLE_CODE = YES;
				CLANG_WARN__DUPLICATE_METHOD_MATCH = YES;
				COPY_PHASE_STRIP = NO;
				CURRENT_PROJECT_VERSION = 1;
				DEBUG_INFORMATION_FORMAT = dwarf;
				ENABLE_STRICT_OBJC_MSGSEND = YES;
				ENABLE_TESTABILITY = YES;
				GCC_C_LANGUAGE_STANDARD = gnu11;
				GCC_DYNAMIC_NO_PIC = NO;
				GCC_NO_COMMON_BLOCKS = YES;
				GCC_OPTIMIZATION_LEVEL = 0;
				GCC_PREPROCESSOR_DEFINITIONS = (
					"DEBUG=1",
					"$(inherited)",
				);
				GCC_WARN_64_TO_32_BIT_CONVERSION = YES;
				GCC_WARN_ABOUT_RETURN_TYPE = YES_ERROR;
				GCC_WARN_UNDECLARED_SELECTOR = YES;
				GCC_WARN_UNINITIALIZED_AUTOS = YES_AGGRESSIVE;
				GCC_WARN_UNUSED_FUNCTION = YES;
				GCC_WARN_UNUSED_VARIABLE = YES;
				IPHONEOS_DEPLOYMENT_TARGET = 13.0;
				MTL_ENABLE_DEBUG_INFO = INCLUDE_SOURCE;
				MTL_FAST_MATH = YES;
				ONLY_ACTIVE_ARCH = YES;
				SDKROOT = iphoneos;
				SWIFT_ACTIVE_COMPILATION_CONDITIONS = DEBUG;
				SWIFT_OPTIMIZATION_LEVEL = "-Onone";
				VERSIONING_SYSTEM = "apple-generic";
				VERSION_INFO_PREFIX = "";
			};
			name = Debug;
		};
		E479C65422B986770045211B /* Release */ = {
			isa = XCBuildConfiguration;
			buildSettings = {
				ALWAYS_SEARCH_USER_PATHS = NO;
				CLANG_ANALYZER_NONNULL = YES;
				CLANG_ANALYZER_NUMBER_OBJECT_CONVERSION = YES_AGGRESSIVE;
				CLANG_CXX_LANGUAGE_STANDARD = "gnu++14";
				CLANG_CXX_LIBRARY = "libc++";
				CLANG_ENABLE_MODULES = YES;
				CLANG_ENABLE_OBJC_ARC = YES;
				CLANG_ENABLE_OBJC_WEAK = YES;
				CLANG_WARN_BLOCK_CAPTURE_AUTORELEASING = YES;
				CLANG_WARN_BOOL_CONVERSION = YES;
				CLANG_WARN_COMMA = YES;
				CLANG_WARN_CONSTANT_CONVERSION = YES;
				CLANG_WARN_DEPRECATED_OBJC_IMPLEMENTATIONS = YES;
				CLANG_WARN_DIRECT_OBJC_ISA_USAGE = YES_ERROR;
				CLANG_WARN_DOCUMENTATION_COMMENTS = YES;
				CLANG_WARN_EMPTY_BODY = YES;
				CLANG_WARN_ENUM_CONVERSION = YES;
				CLANG_WARN_INFINITE_RECURSION = YES;
				CLANG_WARN_INT_CONVERSION = YES;
				CLANG_WARN_NON_LITERAL_NULL_CONVERSION = YES;
				CLANG_WARN_OBJC_IMPLICIT_RETAIN_SELF = YES;
				CLANG_WARN_OBJC_LITERAL_CONVERSION = YES;
				CLANG_WARN_OBJC_ROOT_CLASS = YES_ERROR;
				CLANG_WARN_RANGE_LOOP_ANALYSIS = YES;
				CLANG_WARN_STRICT_PROTOTYPES = YES;
				CLANG_WARN_SUSPICIOUS_MOVE = YES;
				CLANG_WARN_UNGUARDED_AVAILABILITY = YES_AGGRESSIVE;
				CLANG_WARN_UNREACHABLE_CODE = YES;
				CLANG_WARN__DUPLICATE_METHOD_MATCH = YES;
				COPY_PHASE_STRIP = NO;
				CURRENT_PROJECT_VERSION = 1;
				DEBUG_INFORMATION_FORMAT = "dwarf-with-dsym";
				ENABLE_NS_ASSERTIONS = NO;
				ENABLE_STRICT_OBJC_MSGSEND = YES;
				GCC_C_LANGUAGE_STANDARD = gnu11;
				GCC_NO_COMMON_BLOCKS = YES;
				GCC_WARN_64_TO_32_BIT_CONVERSION = YES;
				GCC_WARN_ABOUT_RETURN_TYPE = YES_ERROR;
				GCC_WARN_UNDECLARED_SELECTOR = YES;
				GCC_WARN_UNINITIALIZED_AUTOS = YES_AGGRESSIVE;
				GCC_WARN_UNUSED_FUNCTION = YES;
				GCC_WARN_UNUSED_VARIABLE = YES;
				IPHONEOS_DEPLOYMENT_TARGET = 13.0;
				MTL_ENABLE_DEBUG_INFO = NO;
				MTL_FAST_MATH = YES;
				SDKROOT = iphoneos;
				SWIFT_COMPILATION_MODE = wholemodule;
				SWIFT_OPTIMIZATION_LEVEL = "-O";
				VALIDATE_PRODUCT = YES;
				VERSIONING_SYSTEM = "apple-generic";
				VERSION_INFO_PREFIX = "";
			};
			name = Release;
		};
		E479C65622B986770045211B /* Debug */ = {
			isa = XCBuildConfiguration;
			buildSettings = {
				CLANG_ENABLE_MODULES = YES;
				CODE_SIGN_STYLE = Automatic;
				DEFINES_MODULE = YES;
				DYLIB_COMPATIBILITY_VERSION = 1;
				DYLIB_CURRENT_VERSION = 1;
				DYLIB_INSTALL_NAME_BASE = "@rpath";
				INFOPLIST_FILE = CombineUtilities/Info.plist;
				INSTALL_PATH = "$(LOCAL_LIBRARY_DIR)/Frameworks";
				LD_RUNPATH_SEARCH_PATHS = (
					"$(inherited)",
					"@executable_path/Frameworks",
					"@loader_path/Frameworks",
				);
				PRODUCT_BUNDLE_IDENTIFIER = it.gtrabucco.CombineUtilities;
				PRODUCT_NAME = "$(TARGET_NAME:c99extidentifier)";
				SKIP_INSTALL = YES;
				SWIFT_OPTIMIZATION_LEVEL = "-Onone";
				SWIFT_VERSION = 5.0;
				TARGETED_DEVICE_FAMILY = "1,2";
			};
			name = Debug;
		};
		E479C65722B986770045211B /* Release */ = {
			isa = XCBuildConfiguration;
			buildSettings = {
				CLANG_ENABLE_MODULES = YES;
				CODE_SIGN_STYLE = Automatic;
				DEFINES_MODULE = YES;
				DYLIB_COMPATIBILITY_VERSION = 1;
				DYLIB_CURRENT_VERSION = 1;
				DYLIB_INSTALL_NAME_BASE = "@rpath";
				INFOPLIST_FILE = CombineUtilities/Info.plist;
				INSTALL_PATH = "$(LOCAL_LIBRARY_DIR)/Frameworks";
				LD_RUNPATH_SEARCH_PATHS = (
					"$(inherited)",
					"@executable_path/Frameworks",
					"@loader_path/Frameworks",
				);
				PRODUCT_BUNDLE_IDENTIFIER = it.gtrabucco.CombineUtilities;
				PRODUCT_NAME = "$(TARGET_NAME:c99extidentifier)";
				SKIP_INSTALL = YES;
				SWIFT_VERSION = 5.0;
				TARGETED_DEVICE_FAMILY = "1,2";
			};
			name = Release;
		};
		E479C65922B986770045211B /* Debug */ = {
			isa = XCBuildConfiguration;
			buildSettings = {
				ALWAYS_EMBED_SWIFT_STANDARD_LIBRARIES = YES;
				CODE_SIGN_STYLE = Automatic;
				INFOPLIST_FILE = CombineUtilitiesTests/Info.plist;
				LD_RUNPATH_SEARCH_PATHS = (
					"$(inherited)",
					"@executable_path/Frameworks",
					"@loader_path/Frameworks",
				);
				PRODUCT_BUNDLE_IDENTIFIER = it.gtrabucco.CombineUtilitiesTests;
				PRODUCT_NAME = "$(TARGET_NAME)";
				SWIFT_VERSION = 5.0;
				TARGETED_DEVICE_FAMILY = "1,2";
			};
			name = Debug;
		};
		E479C65A22B986770045211B /* Release */ = {
			isa = XCBuildConfiguration;
			buildSettings = {
				ALWAYS_EMBED_SWIFT_STANDARD_LIBRARIES = YES;
				CODE_SIGN_STYLE = Automatic;
				INFOPLIST_FILE = CombineUtilitiesTests/Info.plist;
				LD_RUNPATH_SEARCH_PATHS = (
					"$(inherited)",
					"@executable_path/Frameworks",
					"@loader_path/Frameworks",
				);
				PRODUCT_BUNDLE_IDENTIFIER = it.gtrabucco.CombineUtilitiesTests;
				PRODUCT_NAME = "$(TARGET_NAME)";
				SWIFT_VERSION = 5.0;
				TARGETED_DEVICE_FAMILY = "1,2";
			};
			name = Release;
		};
		E479C67A22B9879F0045211B /* Debug */ = {
			isa = XCBuildConfiguration;
			buildSettings = {
				ASSETCATALOG_COMPILER_APPICON_NAME = AppIcon;
				CODE_SIGN_STYLE = Automatic;
				INFOPLIST_FILE = CombineUtilitiesExample/Info.plist;
				LD_RUNPATH_SEARCH_PATHS = (
					"$(inherited)",
					"@executable_path/Frameworks",
				);
				PRODUCT_BUNDLE_IDENTIFIER = it.gtrabucco.CombineUtilitiesExample;
				PRODUCT_NAME = "$(TARGET_NAME)";
				SWIFT_VERSION = 5.0;
				TARGETED_DEVICE_FAMILY = "1,2";
			};
			name = Debug;
		};
		E479C67B22B9879F0045211B /* Release */ = {
			isa = XCBuildConfiguration;
			buildSettings = {
				ASSETCATALOG_COMPILER_APPICON_NAME = AppIcon;
				CODE_SIGN_STYLE = Automatic;
				INFOPLIST_FILE = CombineUtilitiesExample/Info.plist;
				LD_RUNPATH_SEARCH_PATHS = (
					"$(inherited)",
					"@executable_path/Frameworks",
				);
				PRODUCT_BUNDLE_IDENTIFIER = it.gtrabucco.CombineUtilitiesExample;
				PRODUCT_NAME = "$(TARGET_NAME)";
				SWIFT_VERSION = 5.0;
				TARGETED_DEVICE_FAMILY = "1,2";
			};
			name = Release;
		};
/* End XCBuildConfiguration section */

/* Begin XCConfigurationList section */
		E479C63B22B986770045211B /* Build configuration list for PBXProject "CombineUtilities" */ = {
			isa = XCConfigurationList;
			buildConfigurations = (
				E479C65322B986770045211B /* Debug */,
				E479C65422B986770045211B /* Release */,
			);
			defaultConfigurationIsVisible = 0;
			defaultConfigurationName = Release;
		};
		E479C65522B986770045211B /* Build configuration list for PBXNativeTarget "CombineUtilities" */ = {
			isa = XCConfigurationList;
			buildConfigurations = (
				E479C65622B986770045211B /* Debug */,
				E479C65722B986770045211B /* Release */,
			);
			defaultConfigurationIsVisible = 0;
			defaultConfigurationName = Release;
		};
		E479C65822B986770045211B /* Build configuration list for PBXNativeTarget "CombineUtilitiesTests" */ = {
			isa = XCConfigurationList;
			buildConfigurations = (
				E479C65922B986770045211B /* Debug */,
				E479C65A22B986770045211B /* Release */,
			);
			defaultConfigurationIsVisible = 0;
			defaultConfigurationName = Release;
		};
		E479C67922B9879F0045211B /* Build configuration list for PBXNativeTarget "CombineUtilitiesExample" */ = {
			isa = XCConfigurationList;
			buildConfigurations = (
				E479C67A22B9879F0045211B /* Debug */,
				E479C67B22B9879F0045211B /* Release */,
			);
			defaultConfigurationIsVisible = 0;
			defaultConfigurationName = Release;
		};
/* End XCConfigurationList section */
	};
	rootObject = E479C63822B986770045211B /* Project object */;
}
